
Microsoft Visual Studio Solution File, Format Version 12.00
# Visual Studio Version 17
VisualStudioVersion = 17.8.34330.188
MinimumVisualStudioVersion = 10.0.40219.1
Project("{FAE04EC0-301F-11D3-BF4B-00C04F79EFBC}") = "scoelloExamen", "scoelloExamen.csproj", "{AC3721CC-1480-4D4D-A4EE-314DEC88BCA6}"
EndProject
Global
	GlobalSection(SolutionConfigurationPlatforms) = preSolution
		Debug|Any CPU = Debug|Any CPU
		Release|Any CPU = Release|Any CPU
	EndGlobalSection
	GlobalSection(ProjectConfigurationPlatforms) = postSolution
		{AC3721CC-1480-4D4D-A4EE-314DEC88BCA6}.Debug|Any CPU.ActiveCfg = Debug|Any CPU
		{AC3721CC-1480-4D4D-A4EE-314DEC88BCA6}.Debug|Any CPU.Build.0 = Debug|Any CPU
		{AC3721CC-1480-4D4D-A4EE-314DEC88BCA6}.Debug|Any CPU.Deploy.0 = Debug|Any CPU
		{AC3721CC-1480-4D4D-A4EE-314DEC88BCA6}.Release|Any CPU.ActiveCfg = Release|Any CPU
		{AC3721CC-1480-4D4D-A4EE-314DEC88BCA6}.Release|Any CPU.Build.0 = Release|Any CPU
		{AC3721CC-1480-4D4D-A4EE-314DEC88BCA6}.Release|Any CPU.Deploy.0 = Release|Any CPU
	EndGlobalSection
	GlobalSection(SolutionProperties) = preSolution
		HideSolutionNode = FALSE
	EndGlobalSection
	GlobalSection(ExtensibilityGlobals) = postSolution
		SolutionGuid = {1D3B5BFF-2289-444B-B17F-FB47290C6712}
	EndGlobalSection
EndGlobal
